{
  "name": "backend",
  "lockfileVersion": 3,
  "requires": true,
  "packages": {
    "": {
      "devDependencies": {
        "@types/react-color": "^3.0.13",
        "@types/reactcss": "^1.2.13"
      }
    },
    "node_modules/@types/react": {
      "dev": true,
      "peer": true
    },
    "node_modules/@types/react-color": {
      "version": "3.0.13",
      "resolved": "https://registry.npmjs.org/@types/react-color/-/react-color-3.0.13.tgz",
      "integrity": "sha512-2c/9FZ4ixC5T3JzN0LP5Cke2Mf0MKOP2Eh0NPDPWmuVH3NjPyhEjqNMQpN1Phr5m74egAy+p2lYNAFrX1z9Yrg==",
      "dev": true,
      "dependencies": {
        "@types/reactcss": "*"
      },
      "peerDependencies": {
        "@types/react": "*"
      }
    },
    "node_modules/@types/reactcss": {
      "version": "1.2.13",
      "resolved": "https://registry.npmjs.org/@types/reactcss/-/reactcss-1.2.13.tgz",
      "integrity": "sha512-gi3S+aUi6kpkF5vdhUsnkwbiSEIU/BEJyD7kBy2SudWBUuKmJk8AQKE0OVcQQeEy40Azh0lV6uynxlikYIJuwg==",
      "dev": true,
      "peerDependencies": {
        "@types/react": "*"
      }
    }
  }
}
